
Microsoft Visual Studio Solution File, Format Version 12.00
# Visual Studio Version 17
VisualStudioVersion = 17.10.35013.160
MinimumVisualStudioVersion = 10.0.40219.1
Project("{FAE04EC0-301F-11D3-BF4B-00C04F79EFBC}") = "ApiGateway", "ApiGateway\ApiGateway.csproj", "{06EB4D36-06FE-4A90-9245-1E1A2F5CA23E}"
EndProject
Project("{FAE04EC0-301F-11D3-BF4B-00C04F79EFBC}") = "UserService", "UserService\UserService.csproj", "{C77EA802-BAE2-4215-97CF-64DC06708F38}"
EndProject
Project("{FAE04EC0-301F-11D3-BF4B-00C04F79EFBC}") = "LeaveManagementService", "LeaveManagementService\LeaveManagementService.csproj", "{00CAF3FD-6ABD-4D85-A057-B1FD55CF0D1B}"
EndProject
Project("{FAE04EC0-301F-11D3-BF4B-00C04F79EFBC}") = "Shared.Common", "Shared.Common\Shared.Common.csproj", "{77290023-1D09-4D92-9764-05DB61EB0715}"
EndProject
Project("{FAE04EC0-301F-11D3-BF4B-00C04F79EFBC}") = "NotificationService", "NotificationService\NotificationService.csproj", "{5D3D6005-1060-4F04-9F51-81A6803D89BE}"
EndProject
Global
	GlobalSection(SolutionConfigurationPlatforms) = preSolution
		Debug|Any CPU = Debug|Any CPU
		Release|Any CPU = Release|Any CPU
	EndGlobalSection
	GlobalSection(ProjectConfigurationPlatforms) = postSolution
		{06EB4D36-06FE-4A90-9245-1E1A2F5CA23E}.Debug|Any CPU.ActiveCfg = Debug|Any CPU
		{06EB4D36-06FE-4A90-9245-1E1A2F5CA23E}.Debug|Any CPU.Build.0 = Debug|Any CPU
		{06EB4D36-06FE-4A90-9245-1E1A2F5CA23E}.Release|Any CPU.ActiveCfg = Release|Any CPU
		{06EB4D36-06FE-4A90-9245-1E1A2F5CA23E}.Release|Any CPU.Build.0 = Release|Any CPU
		{C77EA802-BAE2-4215-97CF-64DC06708F38}.Debug|Any CPU.ActiveCfg = Debug|Any CPU
		{C77EA802-BAE2-4215-97CF-64DC06708F38}.Debug|Any CPU.Build.0 = Debug|Any CPU
		{C77EA802-BAE2-4215-97CF-64DC06708F38}.Release|Any CPU.ActiveCfg = Release|Any CPU
		{C77EA802-BAE2-4215-97CF-64DC06708F38}.Release|Any CPU.Build.0 = Release|Any CPU
		{00CAF3FD-6ABD-4D85-A057-B1FD55CF0D1B}.Debug|Any CPU.ActiveCfg = Debug|Any CPU
		{00CAF3FD-6ABD-4D85-A057-B1FD55CF0D1B}.Debug|Any CPU.Build.0 = Debug|Any CPU
		{00CAF3FD-6ABD-4D85-A057-B1FD55CF0D1B}.Release|Any CPU.ActiveCfg = Release|Any CPU
		{00CAF3FD-6ABD-4D85-A057-B1FD55CF0D1B}.Release|Any CPU.Build.0 = Release|Any CPU
		{77290023-1D09-4D92-9764-05DB61EB0715}.Debug|Any CPU.ActiveCfg = Debug|Any CPU
		{77290023-1D09-4D92-9764-05DB61EB0715}.Debug|Any CPU.Build.0 = Debug|Any CPU
		{77290023-1D09-4D92-9764-05DB61EB0715}.Release|Any CPU.ActiveCfg = Release|Any CPU
		{77290023-1D09-4D92-9764-05DB61EB0715}.Release|Any CPU.Build.0 = Release|Any CPU
		{5D3D6005-1060-4F04-9F51-81A6803D89BE}.Debug|Any CPU.ActiveCfg = Debug|Any CPU
		{5D3D6005-1060-4F04-9F51-81A6803D89BE}.Debug|Any CPU.Build.0 = Debug|Any CPU
		{5D3D6005-1060-4F04-9F51-81A6803D89BE}.Release|Any CPU.ActiveCfg = Release|Any CPU
		{5D3D6005-1060-4F04-9F51-81A6803D89BE}.Release|Any CPU.Build.0 = Release|Any CPU
	EndGlobalSection
	GlobalSection(SolutionProperties) = preSolution
		HideSolutionNode = FALSE
	EndGlobalSection
	GlobalSection(ExtensibilityGlobals) = postSolution
		SolutionGuid = {0A5BBB5C-61F6-4AE9-8B14-05B4436AF0A4}
	EndGlobalSection
EndGlobal
